{
  "name": "cryptobot-site",
  "version": "1.0.0",
  "lockfileVersion": 3,
  "requires": true,
  "packages": {
    "": {
      "name": "cryptobot-site",
      "version": "1.0.0",
      "dependencies": {
        "next": "14.2.5",
        "openai": "^4.56.0",
        "pg": "^8.12.0",
        "react": "18.3.1",
        "react-dom": "18.3.1"
      },
      "devDependencies": {
        "@types/node": "20.14.12",
        "@types/pg": "8.11.6",
        "@types/react": "18.3.3",
        "@types/react-dom": "18.3.0",
        "typescript": "5.5.4"
      }
    },
    "node_modules/next": {
      "version": "14.2.5"
    },
    "node_modules/openai": {
      "version": "4.56.0"
    },
    "node_modules/pg": {
      "version": "8.12.0"
    },
    "node_modules/react": {
      "version": "18.3.1"
    },
    "node_modules/react-dom": {
      "version": "18.3.1"
    },
    "node_modules/@types/node": {
      "version": "20.14.12",
      "dev": true
    },
    "node_modules/@types/pg": {
      "version": "8.11.6",
      "dev": true
    },
    "node_modules/@types/react": {
      "version": "18.3.3",
      "dev": true
    },
    "node_modules/@types/react-dom": {
      "version": "18.3.0",
      "dev": true
    },
    "node_modules/typescript": {
      "version": "5.5.4",
      "dev": true
    }
  }
}
